
Microsoft Visual Studio Solution File, Format Version 12.00
# Visual Studio Version 17
VisualStudioVersion = 17.1.32228.430
MinimumVisualStudioVersion = 10.0.40219.1
Project("{FAE04EC0-301F-11D3-BF4B-00C04F79EFBC}") = "TiendaOnline.Web", "TiendaOnline.Web\TiendaOnline.Web.csproj", "{0E842C17-0E0E-41D2-826A-FDCDA38ACCAB}"
EndProject
Global
	GlobalSection(SolutionConfigurationPlatforms) = preSolution
		Debug|Any CPU = Debug|Any CPU
		Release|Any CPU = Release|Any CPU
	EndGlobalSection
	GlobalSection(ProjectConfigurationPlatforms) = postSolution
		{0E842C17-0E0E-41D2-826A-FDCDA38ACCAB}.Debug|Any CPU.ActiveCfg = Debug|Any CPU
		{0E842C17-0E0E-41D2-826A-FDCDA38ACCAB}.Debug|Any CPU.Build.0 = Debug|Any CPU
		{0E842C17-0E0E-41D2-826A-FDCDA38ACCAB}.Release|Any CPU.ActiveCfg = Release|Any CPU
		{0E842C17-0E0E-41D2-826A-FDCDA38ACCAB}.Release|Any CPU.Build.0 = Release|Any CPU
	EndGlobalSection
	GlobalSection(SolutionProperties) = preSolution
		HideSolutionNode = FALSE
	EndGlobalSection
	GlobalSection(ExtensibilityGlobals) = postSolution
		SolutionGuid = {FBDC168F-030C-487E-A02A-836567605B83}
	EndGlobalSection
EndGlobal
